
Microsoft Visual Studio Solution File, Format Version 12.00
# Visual Studio Version 17
VisualStudioVersion = 17.9.34714.143
MinimumVisualStudioVersion = 10.0.40219.1
Project("{FAE04EC0-301F-11D3-BF4B-00C04F79EFBC}") = "ServerSliding", "ServerSliding\ServerSliding.csproj", "{0C60E5E9-8C2A-4A81-B336-989080961BE0}"
EndProject
Global
	GlobalSection(SolutionConfigurationPlatforms) = preSolution
		Debug|Any CPU = Debug|Any CPU
		Release|Any CPU = Release|Any CPU
	EndGlobalSection
	GlobalSection(ProjectConfigurationPlatforms) = postSolution
		{0C60E5E9-8C2A-4A81-B336-989080961BE0}.Debug|Any CPU.ActiveCfg = Debug|Any CPU
		{0C60E5E9-8C2A-4A81-B336-989080961BE0}.Debug|Any CPU.Build.0 = Debug|Any CPU
		{0C60E5E9-8C2A-4A81-B336-989080961BE0}.Release|Any CPU.ActiveCfg = Release|Any CPU
		{0C60E5E9-8C2A-4A81-B336-989080961BE0}.Release|Any CPU.Build.0 = Release|Any CPU
	EndGlobalSection
	GlobalSection(SolutionProperties) = preSolution
		HideSolutionNode = FALSE
	EndGlobalSection
	GlobalSection(ExtensibilityGlobals) = postSolution
		SolutionGuid = {D5D17949-3243-412B-9BBD-B9A6C8BADBCC}
	EndGlobalSection
EndGlobal
